# @generated by Move, please check-in and do not edit manually.

[move]
version = 3
manifest_digest = "60F0E639EACE66C06578FF2CA9C5113DCB06E934146FC3DB6BA0C50E80DE5171"
deps_digest = "F8BBB0CCB2491CA29A3DF03D6F92277A4F3574266507ACD77214D37ECA3F3082"
dependencies = [
  { id = "Sui", name = "Sui" },
]

[[move.package]]
id = "MoveStdlib"
source = { git = "https://github.com/MystenLabs/sui.git", rev = "testnet", subdir = "crates/sui-framework/packages/move-stdlib" }

[[move.package]]
id = "Sui"
source = { git = "https://github.com/MystenLabs/sui.git", rev = "testnet", subdir = "crates/sui-framework/packages/sui-framework" }

dependencies = [
  { id = "MoveStdlib", name = "MoveStdlib" },
]

[move.toolchain-version]
compiler-version = "1.62.0"
edition = "2024.beta"
flavor = "sui"

[env]

[env.local]
chain-id = "5a1bf28b"
original-published-id = "0xe1de44a48e9fd020ef198fcd7af6cb445f92ddcf0e622442ad512b46a6a0374f"
latest-published-id = "0xe1de44a48e9fd020ef198fcd7af6cb445f92ddcf0e622442ad512b46a6a0374f"
published-version = "1"
